#MicroXplorer Configuration settings - do not modify
Mcu.Family=STM32F3
ProjectManager.MainLocation=Core/Src
RCC.MCOFreq_Value=48000000
USB_DEVICE.CLASS_NAME_FS=HID
RCC.USART1Freq_Value=48000000
RCC.CortexFreq_Value=48000000
I2C1.I2C_Speed_Mode=I2C_Fast_Plus
ProjectManager.KeepUserCode=true
Mcu.UserName=STM32F303VCTx
PB6.GPIO_Mode=GPIO_MODE_AF_OD
RCC.PLLCLKFreq_Value=48000000
PA14.GPIO_Label=SWCLK
PE8.GPIO_PuPd=GPIO_NOPULL
RCC.SYSCLKSourceVirtual=RCC_SYSCLKSOURCE_PLLCLK
PA12.GPIOParameters=GPIO_Label
ProjectManager.functionlistsort=1-MX_GPIO_Init-GPIO-false-HAL-true,2-SystemClock_Config-RCC-false-HAL-false,3-MX_I2C1_Init-I2C1-false-HAL-true,4-MX_USB_DEVICE_Init-USB_DEVICE-false-HAL-false
PA11.GPIOParameters=GPIO_Label
PA11.Mode=Device
RCC.RTCFreq_Value=40000
PB6.GPIO_Label=I2C1_SCL [LSM303DLHC_SCL]
RCC.HSEPLLFreq_Value=8000000
RCC.USART2Freq_Value=24000000
PC15-OSC32_OUT.GPIO_Label=OSC32_OUT
PinOutPanel.RotationAngle=0
ProjectManager.StackSize=0x400
PB5.GPIOParameters=GPIO_PuPd,GPIO_Label,GPIO_ModeDefaultEXTI
Mcu.IP4=USB
RCC.FCLKCortexFreq_Value=48000000
Mcu.IP5=USB_DEVICE
USB_DEVICE.MANUFACTURER_STRING=TinLethax
USB_DEVICE.PID_HID_FS=26985
I2C1.IPParameters=I2C_Speed_Mode,Timing,OwnAddress
NVIC.SVCall_IRQn=true\:0\:0\:false\:false\:true\:false\:false
Mcu.IP2=RCC
Mcu.IP3=SYS
PB4.GPIOParameters=PinState,GPIO_Label
Mcu.IP0=I2C1
PA12.Locked=true
Mcu.IP1=NVIC
PA12.Signal=USB_DP
Mcu.UserConstants=
Mcu.ThirdPartyNb=0
RCC.HCLKFreq_Value=48000000
Mcu.IPNb=6
RCC.I2SClocksFreq_Value=48000000
ProjectManager.PreviousToolchain=
RCC.APB2TimFreq_Value=48000000
PB6.Signal=I2C1_SCL
PB6.Mode=I2C
Mcu.Pin6=PA11
Mcu.Pin7=PA12
Mcu.Pin8=PA13
Mcu.Pin9=PA14
RCC.AHBFreq_Value=48000000
RCC.TIM2Freq_Value=48000000
Mcu.Pin0=PC14-OSC32_IN
Mcu.Pin1=PC15-OSC32_OUT
GPIO.groupedBy=Group By Peripherals
Mcu.Pin2=PF0-OSC_IN
Mcu.Pin3=PF1-OSC_OUT
RCC.USART3Freq_Value=24000000
Mcu.Pin4=PE8
Mcu.Pin5=PE13
ProjectManager.ProjectBuild=false
NVIC.UsageFault_IRQn=true\:0\:0\:false\:false\:true\:false\:false
PF0-OSC_IN.GPIO_Label=OSC_IN
NVIC.DebugMonitor_IRQn=true\:0\:0\:false\:false\:true\:false\:false
NVIC.SysTick_IRQn=true\:0\:0\:false\:false\:true\:true\:true
PE13.GPIO_PuPd=GPIO_NOPULL
RCC.PLLMUL=RCC_PLL_MUL6
ProjectManager.FirmwarePackage=STM32Cube FW_F3 V1.11.2
MxDb.Version=DB.6.0.21
VP_USB_DEVICE_VS_USB_DEVICE_HID_FS.Signal=USB_DEVICE_VS_USB_DEVICE_HID_FS
PE13.Signal=GPIO_Output
ProjectManager.BackupPrevious=false
PF0-OSC_IN.Locked=true
PE8.Locked=true
File.Version=6
PB3.GPIOParameters=GPIO_Label
PB7.Signal=I2C1_SDA
PB6.Locked=true
NVIC.PendSV_IRQn=true\:0\:0\:false\:false\:true\:false\:false
PB6.GPIOParameters=GPIO_FM6,GPIO_Speed,GPIO_PuPd,GPIO_Label,GPIO_Mode
ProjectManager.HalAssertFull=false
PC14-OSC32_IN.GPIOParameters=GPIO_Label
ProjectManager.ProjectName=Wacom_rip0ff
RCC.TIM1Freq_Value=48000000
PA13.GPIOParameters=GPIO_Label
RCC.PLLMCOFreq_Value=24000000
Mcu.Package=LQFP100
RCC.ADC34outputFreq_Value=48000000
PA14.Locked=true
PB6.GPIO_FM6=__NULL
ProjectManager.ToolChainLocation=
RCC.LSI_VALUE=40000
VP_SYS_VS_Systick.Signal=SYS_VS_Systick
SH.GPXTI5.ConfNb=1
PE8.GPIO_Speed=GPIO_SPEED_FREQ_LOW
PB5.GPIO_Label=IRQ0
RCC.APB1TimFreq_Value=48000000
PE8.GPIO_ModeDefaultOutputPP=GPIO_MODE_OUTPUT_PP
NVIC.BusFault_IRQn=true\:0\:0\:false\:false\:true\:false\:false
PC14-OSC32_IN.GPIO_Label=OSC32_IN
PC15-OSC32_OUT.GPIOParameters=GPIO_Label
PB4.PinState=GPIO_PIN_SET
ProjectManager.CustomerFirmwarePackage=
PC14-OSC32_IN.Locked=true
PF1-OSC_OUT.Signal=RCC_OSC_OUT
PB3.Locked=true
PB4.Signal=GPIO_Output
PB3.GPIO_Label=SWO
PB5.GPIO_ModeDefaultEXTI=GPIO_MODE_IT_FALLING
SH.GPXTI5.0=GPIO_EXTI5
ProjectManager.ProjectFileName=Wacom_rip0ff.ioc
PE8.GPIOParameters=GPIO_Speed,GPIO_PuPd,GPIO_Label,GPIO_ModeDefaultOutputPP
RCC.ADC12outputFreq_Value=48000000
Mcu.PinsNb=17
ProjectManager.NoMain=false
USB_DEVICE.VirtualModeFS=Hid_FS
PB6.GPIO_PuPd=GPIO_NOPULL
NVIC.USB_LP_CAN_RX0_IRQn=true\:0\:0\:false\:false\:true\:false\:true
USB_DEVICE.PRODUCT_STRING_HID_FS=Wacom Rip off
PA11.GPIO_Label=DM
ProjectManager.DefaultFWLocation=true
ProjectManager.DeletePrevious=true
PF1-OSC_OUT.Locked=true
RCC.HSIPLLFreq_Value=4000000
RCC.APB1CLKDivider=RCC_HCLK_DIV2
PC14-OSC32_IN.Signal=RCC_OSC32_IN
boardIOC=true
USB_DEVICE.IPParameters=VirtualMode,VirtualModeFS,CLASS_NAME_FS,MANUFACTURER_STRING,PRODUCT_STRING_HID_FS,PID_HID_FS,VID
PA12.GPIO_Label=DP
RCC.FamilyName=M
PA13.Signal=SYS_JTMS-SWDIO
PA11.Locked=true
PC15-OSC32_OUT.Locked=true
USB_DEVICE.VID=1155
ProjectManager.TargetToolchain=STM32CubeIDE
PE8.GPIO_Label=INIT_STAT
I2C1.Timing=0x20000209
PB5.Locked=true
ProjectManager.RegisterCallBack=
RCC.USBFreq_Value=48000000
RCC.LSE_VALUE=32768
PC15-OSC32_OUT.Signal=RCC_OSC32_OUT
PF1-OSC_OUT.GPIOParameters=GPIO_Label
PF0-OSC_IN.Mode=HSE-External-Clock-Source
PE13.GPIOParameters=GPIO_Speed,GPIO_PuPd,GPIO_Label,GPIO_ModeDefaultOutputPP
board=STM32F3DISCOVERY
ProjectManager.LastFirmware=true
RCC.VCOOutput2Freq_Value=8000000
VP_USB_DEVICE_VS_USB_DEVICE_HID_FS.Mode=HID_FS
RCC.APB2Freq_Value=48000000
RCC.TIM8Freq_Value=48000000
RCC.UART4Freq_Value=24000000
MxCube.Version=6.2.1
PB4.GPIO_Label=PAD_RST
RCC.I2C1Freq_Value=48000000
PE8.Signal=GPIO_Output
PF1-OSC_OUT.GPIO_Label=OSC_OUT
VP_SYS_VS_Systick.Mode=SysTick
RCC.I2c1ClockSelection=RCC_I2C1CLKSOURCE_SYSCLK
NVIC.NonMaskableInt_IRQn=true\:0\:0\:false\:false\:true\:false\:false
RCC.UART5Freq_Value=24000000
ProjectManager.FreePins=false
RCC.IPParameters=ADC12outputFreq_Value,ADC34outputFreq_Value,AHBFreq_Value,APB1CLKDivider,APB1Freq_Value,APB1TimFreq_Value,APB2Freq_Value,APB2TimFreq_Value,CortexFreq_Value,FCLKCortexFreq_Value,FamilyName,HCLKFreq_Value,HSEPLLFreq_Value,HSIPLLFreq_Value,HSI_VALUE,I2C1Freq_Value,I2C2Freq_Value,I2SClocksFreq_Value,I2c1ClockSelection,LSE_VALUE,LSI_VALUE,MCOFreq_Value,PLLCLKFreq_Value,PLLMCOFreq_Value,PLLMUL,RTCFreq_Value,RTCHSEDivFreq_Value,SYSCLKFreq_VALUE,SYSCLKSourceVirtual,TIM1Freq_Value,TIM2Freq_Value,TIM8Freq_Value,UART4Freq_Value,UART5Freq_Value,USART1Freq_Value,USART2Freq_Value,USART3Freq_Value,USBFreq_Value,VCOOutput2Freq_Value
ProjectManager.AskForMigrate=true
Mcu.Name=STM32F303V(B-C)Tx
RCC.RTCHSEDivFreq_Value=250000
PA13.GPIO_Label=SWDIO
ProjectManager.UnderRoot=true
PE13.Locked=true
I2C1.OwnAddress=127
ProjectManager.CoupleFile=false
PB4.Locked=true
PB3.Signal=SYS_JTDO-TRACESWO
RCC.SYSCLKFreq_VALUE=48000000
PB5.Signal=GPXTI5
PE13.GPIO_Label=IRQ_STAT
PA12.Mode=Device
NVIC.ForceEnableDMAVector=true
KeepUserPlacement=false
PE13.GPIO_ModeDefaultOutputPP=GPIO_MODE_OUTPUT_PP
PA14.GPIOParameters=GPIO_Label
PB5.GPIO_PuPd=GPIO_PULLUP
NVIC.MemoryManagement_IRQn=true\:0\:0\:false\:false\:true\:false\:false
PA13.Locked=true
ProjectManager.CompilerOptimize=6
PB7.Mode=I2C
PA11.Signal=USB_DM
NVIC.EXTI9_5_IRQn=true\:0\:0\:false\:false\:true\:true\:true
PA14.Signal=SYS_JTCK-SWCLK
ProjectManager.HeapSize=0x200
Mcu.Pin15=VP_SYS_VS_Systick
NVIC.HardFault_IRQn=true\:0\:0\:false\:false\:true\:false\:false
Mcu.Pin16=VP_USB_DEVICE_VS_USB_DEVICE_HID_FS
Mcu.Pin13=PB6
Mcu.Pin14=PB7
ProjectManager.ComputerToolchain=false
RCC.HSI_VALUE=8000000
NVIC.PriorityGroup=NVIC_PRIORITYGROUP_0
Mcu.Pin11=PB4
Mcu.Pin12=PB5
Mcu.Pin10=PB3
PE13.GPIO_Speed=GPIO_SPEED_FREQ_LOW
PB7.Locked=true
PF0-OSC_IN.Signal=RCC_OSC_IN
PF0-OSC_IN.GPIOParameters=GPIO_Label
PB6.GPIO_Speed=GPIO_SPEED_FREQ_LOW
RCC.I2C2Freq_Value=8000000
RCC.APB1Freq_Value=24000000
USB_DEVICE.VirtualMode=Hid
ProjectManager.DeviceId=STM32F303VCTx
ProjectManager.LibraryCopy=1
isbadioc=false
